
Microsoft Visual Studio Solution File, Format Version 12.00
# Visual Studio Version 16
VisualStudioVersion = 16.0.29905.134
MinimumVisualStudioVersion = 10.0.40219.1
Project("{9A19103F-16F7-4668-BE54-9A1E7A4F7556}") = "FizzBuzz", "FizzBuzz.csproj", "{55AEB792-2DED-4757-8A30-AD9F9BC083EE}"
EndProject
Project("{9A19103F-16F7-4668-BE54-9A1E7A4F7556}") = "FizzBuzzerTester", "..\FizzBuzzerTester\FizzBuzzerTester.csproj", "{A2466E75-2469-4B2C-A15F-5A5EBE0E2541}"
EndProject
Project("{2150E333-8FDC-42A3-9474-1A3956D46DE8}") = "Kata", "Kata", "{FE816AC4-F5AF-4179-A0D1-CB9B68DB5CE1}"
	ProjectSection(SolutionItems) = preProject
		..\tadekj87\NetJava\01_FizzBuzz\codewars_kata_solution.cs = ..\tadekj87\NetJava\01_FizzBuzz\codewars_kata_solution.cs
		..\tadekj87\NetJava\01_FizzBuzz\kata1_solution.png = ..\tadekj87\NetJava\01_FizzBuzz\kata1_solution.png
		..\tadekj87\NetJava\01_FizzBuzz\kata2_bsolution.png = ..\tadekj87\NetJava\01_FizzBuzz\kata2_bsolution.png
	EndProjectSection
EndProject
Global
	GlobalSection(SolutionConfigurationPlatforms) = preSolution
		Debug|Any CPU = Debug|Any CPU
		Release|Any CPU = Release|Any CPU
	EndGlobalSection
	GlobalSection(ProjectConfigurationPlatforms) = postSolution
		{55AEB792-2DED-4757-8A30-AD9F9BC083EE}.Debug|Any CPU.ActiveCfg = Debug|Any CPU
		{55AEB792-2DED-4757-8A30-AD9F9BC083EE}.Debug|Any CPU.Build.0 = Debug|Any CPU
		{55AEB792-2DED-4757-8A30-AD9F9BC083EE}.Release|Any CPU.ActiveCfg = Release|Any CPU
		{55AEB792-2DED-4757-8A30-AD9F9BC083EE}.Release|Any CPU.Build.0 = Release|Any CPU
		{A2466E75-2469-4B2C-A15F-5A5EBE0E2541}.Debug|Any CPU.ActiveCfg = Debug|Any CPU
		{A2466E75-2469-4B2C-A15F-5A5EBE0E2541}.Debug|Any CPU.Build.0 = Debug|Any CPU
		{A2466E75-2469-4B2C-A15F-5A5EBE0E2541}.Release|Any CPU.ActiveCfg = Release|Any CPU
		{A2466E75-2469-4B2C-A15F-5A5EBE0E2541}.Release|Any CPU.Build.0 = Release|Any CPU
	EndGlobalSection
	GlobalSection(SolutionProperties) = preSolution
		HideSolutionNode = FALSE
	EndGlobalSection
	GlobalSection(ExtensibilityGlobals) = postSolution
		SolutionGuid = {285464CF-FBFC-42C6-BD8B-36A59E406D91}
	EndGlobalSection
EndGlobal
